
Microsoft Visual Studio Solution File, Format Version 12.00
# Visual Studio for Mac
Project("{FAE04EC0-301F-11D3-BF4B-00C04F79EFBC}") = "UnityProj1", "Assembly-CSharp.csproj", "{CE1562B7-EA7F-F2C7-29D9-5906AB605F08}"
EndProject
Global
	GlobalSection(SolutionConfigurationPlatforms) = preSolution
		Debug|Any CPU = Debug|Any CPU
		Release|Any CPU = Release|Any CPU
	EndGlobalSection
	GlobalSection(ProjectConfigurationPlatforms) = postSolution
		{CE1562B7-EA7F-F2C7-29D9-5906AB605F08}.Debug|Any CPU.ActiveCfg = Debug|Any CPU
		{CE1562B7-EA7F-F2C7-29D9-5906AB605F08}.Debug|Any CPU.Build.0 = Debug|Any CPU
		{CE1562B7-EA7F-F2C7-29D9-5906AB605F08}.Release|Any CPU.ActiveCfg = Release|Any CPU
		{CE1562B7-EA7F-F2C7-29D9-5906AB605F08}.Release|Any CPU.Build.0 = Release|Any CPU
	EndGlobalSection
	GlobalSection(SolutionProperties) = preSolution
		HideSolutionNode = FALSE
	EndGlobalSection
EndGlobal
